// !$*UTF8*$!
{
	archiveVersion = 1;
	classes = {
	};
	objectVersion = 46;
	objects = {

/* Begin PBXBuildFile section */
		A495B3951C5A4395009B233D /* main.m in Sources */ = {isa = PBXBuildFile; fileRef = A495B3941C5A4395009B233D /* main.m */; };
		A495B3981C5A4395009B233D /* AppDelegate.m in Sources */ = {isa = PBXBuildFile; fileRef = A495B3971C5A4395009B233D /* AppDelegate.m */; };
		A495B39B1C5A4395009B233D /* ViewController.m in Sources */ = {isa = PBXBuildFile; fileRef = A495B39A1C5A4395009B233D /* ViewController.m */; };
		A495B39E1C5A4395009B233D /* Main.storyboard in Resources */ = {isa = PBXBuildFile; fileRef = A495B39C1C5A4395009B233D /* Main.storyboard */; };
		A495B3A01C5A4395009B233D /* Assets.xcassets in Resources */ = {isa = PBXBuildFile; fileRef = A495B39F1C5A4395009B233D /* Assets.xcassets */; };
		A495B3A31C5A4395009B233D /* LaunchScreen.storyboard in Resources */ = {isa = PBXBuildFile; fileRef = A495B3A11C5A4395009B233D /* LaunchScreen.storyboard */; };
		A495B3AC1C5A4413009B233D /* DeviceAccessibilityCheck.m in Sources */ = {isa = PBXBuildFile; fileRef = A495B3AB1C5A4413009B233D /* DeviceAccessibilityCheck.m */; };
/* End PBXBuildFile section */

/* Begin PBXFileReference section */
		A495B3901C5A4395009B233D /* DarwinTestApp.app */ = {isa = PBXFileReference; explicitFileType = wrapper.application; includeInIndex = 0; path = DarwinTestApp.app; sourceTree = BUILT_PRODUCTS_DIR; };
		A495B3941C5A4395009B233D /* main.m */ = {isa = PBXFileReference; lastKnownFileType = sourcecode.c.objc; path = main.m; sourceTree = "<group>"; };
		A495B3961C5A4395009B233D /* AppDelegate.h */ = {isa = PBXFileReference; lastKnownFileType = sourcecode.c.h; path = AppDelegate.h; sourceTree = "<group>"; };
		A495B3971C5A4395009B233D /* AppDelegate.m */ = {isa = PBXFileReference; lastKnownFileType = sourcecode.c.objc; path = AppDelegate.m; sourceTree = "<group>"; };
		A495B3991C5A4395009B233D /* ViewController.h */ = {isa = PBXFileReference; lastKnownFileType = sourcecode.c.h; path = ViewController.h; sourceTree = "<group>"; };
		A495B39A1C5A4395009B233D /* ViewController.m */ = {isa = PBXFileReference; lastKnownFileType = sourcecode.c.objc; path = ViewController.m; sourceTree = "<group>"; };
		A495B39D1C5A4395009B233D /* Base */ = {isa = PBXFileReference; lastKnownFileType = file.storyboard; name = Base; path = Base.lproj/Main.storyboard; sourceTree = "<group>"; };
		A495B39F1C5A4395009B233D /* Assets.xcassets */ = {isa = PBXFileReference; lastKnownFileType = folder.assetcatalog; path = Assets.xcassets; sourceTree = "<group>"; };
		A495B3A21C5A4395009B233D /* Base */ = {isa = PBXFileReference; lastKnownFileType = file.storyboard; name = Base; path = Base.lproj/LaunchScreen.storyboard; sourceTree = "<group>"; };
		A495B3A41C5A4395009B233D /* Info.plist */ = {isa = PBXFileReference; lastKnownFileType = text.plist.xml; path = Info.plist; sourceTree = "<group>"; };
		A495B3AA1C5A4413009B233D /* DeviceAccessibilityCheck.h */ = {isa = PBXFileReference; fileEncoding = 4; lastKnownFileType = sourcecode.c.h; path = DeviceAccessibilityCheck.h; sourceTree = "<group>"; };
		A495B3AB1C5A4413009B233D /* DeviceAccessibilityCheck.m */ = {isa = PBXFileReference; fileEncoding = 4; lastKnownFileType = sourcecode.c.objc; path = DeviceAccessibilityCheck.m; sourceTree = "<group>"; };
/* End PBXFileReference section */

/* Begin PBXFrameworksBuildPhase section */
		A495B38D1C5A4395009B233D /* Frameworks */ = {
			isa = PBXFrameworksBuildPhase;
			buildActionMask = 2147483647;
			files = (
			);
			runOnlyForDeploymentPostprocessing = 0;
		};
/* End PBXFrameworksBuildPhase section */

/* Begin PBXGroup section */
		A495B3871C5A4395009B233D = {
			isa = PBXGroup;
			children = (
				A495B3921C5A4395009B233D /* DarwinTestApp */,
				A495B3911C5A4395009B233D /* Products */,
			);
			sourceTree = "<group>";
		};
		A495B3911C5A4395009B233D /* Products */ = {
			isa = PBXGroup;
			children = (
				A495B3901C5A4395009B233D /* DarwinTestApp.app */,
			);
			name = Products;
			sourceTree = "<group>";
		};
		A495B3921C5A4395009B233D /* DarwinTestApp */ = {
			isa = PBXGroup;
			children = (
				A495B3961C5A4395009B233D /* AppDelegate.h */,
				A495B3971C5A4395009B233D /* AppDelegate.m */,
				A495B3991C5A4395009B233D /* ViewController.h */,
				A495B39A1C5A4395009B233D /* ViewController.m */,
				A495B3AA1C5A4413009B233D /* DeviceAccessibilityCheck.h */,
				A495B3AB1C5A4413009B233D /* DeviceAccessibilityCheck.m */,
				A495B39C1C5A4395009B233D /* Main.storyboard */,
				A495B39F1C5A4395009B233D /* Assets.xcassets */,
				A495B3A11C5A4395009B233D /* LaunchScreen.storyboard */,
				A495B3A41C5A4395009B233D /* Info.plist */,
				A495B3931C5A4395009B233D /* Supporting Files */,
			);
			path = DarwinTestApp;
			sourceTree = "<group>";
		};
		A495B3931C5A4395009B233D /* Supporting Files */ = {
			isa = PBXGroup;
			children = (
				A495B3941C5A4395009B233D /* main.m */,
			);
			name = "Supporting Files";
			sourceTree = "<group>";
		};
/* End PBXGroup section */

/* Begin PBXNativeTarget section */
		A495B38F1C5A4395009B233D /* DarwinTestApp */ = {
			isa = PBXNativeTarget;
			buildConfigurationList = A495B3A71C5A4395009B233D /* Build configuration list for PBXNativeTarget "DarwinTestApp" */;
			buildPhases = (
				A495B38C1C5A4395009B233D /* Sources */,
				A495B38D1C5A4395009B233D /* Frameworks */,
				A495B38E1C5A4395009B233D /* Resources */,
			);
			buildRules = (
			);
			dependencies = (
			);
			name = DarwinTestApp;
			productName = DarwinTestApp;
			productReference = A495B3901C5A4395009B233D /* DarwinTestApp.app */;
			productType = "com.apple.product-type.application";
		};
/* End PBXNativeTarget section */

/* Begin PBXProject section */
		A495B3881C5A4395009B233D /* Project object */ = {
			isa = PBXProject;
			attributes = {
				LastUpgradeCheck = 0710;
				ORGANIZATIONNAME = Administrator;
				TargetAttributes = {
					A495B38F1C5A4395009B233D = {
						CreatedOnToolsVersion = 7.1;
						SystemCapabilities = {
							com.apple.BackgroundModes = {
								enabled = 1;
							};
						};
					};
				};
			};
			buildConfigurationList = A495B38B1C5A4395009B233D /* Build configuration list for PBXProject "DarwinTestApp" */;
			compatibilityVersion = "Xcode 3.2";
			developmentRegion = English;
			hasScannedForEncodings = 0;
			knownRegions = (
				en,
				Base,
			);
			mainGroup = A495B3871C5A4395009B233D;
			productRefGroup = A495B3911C5A4395009B233D /* Products */;
			projectDirPath = "";
			projectRoot = "";
			targets = (
				A495B38F1C5A4395009B233D /* DarwinTestApp */,
			);
		};
/* End PBXProject section */

/* Begin PBXResourcesBuildPhase section */
		A495B38E1C5A4395009B233D /* Resources */ = {
			isa = PBXResourcesBuildPhase;
			buildActionMask = 2147483647;
			files = (
				A495B3A31C5A4395009B233D /* LaunchScreen.storyboard in Resources */,
				A495B3A01C5A4395009B233D /* Assets.xcassets in Resources */,
				A495B39E1C5A4395009B233D /* Main.storyboard in Resources */,
			);
			runOnlyForDeploymentPostprocessing = 0;
		};
/* End PBXResourcesBuildPhase section */

/* Begin PBXSourcesBuildPhase section */
		A495B38C1C5A4395009B233D /* Sources */ = {
			isa = PBXSourcesBuildPhase;
			buildActionMask = 2147483647;
			files = (
				A495B39B1C5A4395009B233D /* ViewController.m in Sources */,
				A495B3981C5A4395009B233D /* AppDelegate.m in Sources */,
				A495B3AC1C5A4413009B233D /* DeviceAccessibilityCheck.m in Sources */,
				A495B3951C5A4395009B233D /* main.m in Sources */,
			);
			runOnlyForDeploymentPostprocessing = 0;
		};
/* End PBXSourcesBuildPhase section */

/* Begin PBXVariantGroup section */
		A495B39C1C5A4395009B233D /* Main.storyboard */ = {
			isa = PBXVariantGroup;
			children = (
				A495B39D1C5A4395009B233D /* Base */,
			);
			name = Main.storyboard;
			sourceTree = "<group>";
		};
		A495B3A11C5A4395009B233D /* LaunchScreen.storyboard */ = {
			isa = PBXVariantGroup;
			children = (
				A495B3A21C5A4395009B233D /* Base */,
			);
			name = LaunchScreen.storyboard;
			sourceTree = "<group>";
		};
/* End PBXVariantGroup section */

/* Begin XCBuildConfiguration section */
		A495B3A51C5A4395009B233D /* Debug */ = {
			isa = XCBuildConfiguration;
			buildSettings = {
				ALWAYS_SEARCH_USER_PATHS = NO;
				CLANG_CXX_LANGUAGE_STANDARD = "gnu++0x";
				CLANG_CXX_LIBRARY = "libc++";
				CLANG_ENABLE_MODULES = YES;
				CLANG_ENABLE_OBJC_ARC = YES;
				CLANG_WARN_BOOL_CONVERSION = YES;
				CLANG_WARN_CONSTANT_CONVERSION = YES;
				CLANG_WARN_DIRECT_OBJC_ISA_USAGE = YES_ERROR;
				CLANG_WARN_EMPTY_BODY = YES;
				CLANG_WARN_ENUM_CONVERSION = YES;
				CLANG_WARN_INT_CONVERSION = YES;
				CLANG_WARN_OBJC_ROOT_CLASS = YES_ERROR;
				CLANG_WARN_UNREACHABLE_CODE = YES;
				CLANG_WARN__DUPLICATE_METHOD_MATCH = YES;
				"CODE_SIGN_IDENTITY[sdk=iphoneos*]" = "iPhone Developer";
				COPY_PHASE_STRIP = NO;
				DEBUG_INFORMATION_FORMAT = dwarf;
				ENABLE_STRICT_OBJC_MSGSEND = YES;
				ENABLE_TESTABILITY = YES;
				GCC_C_LANGUAGE_STANDARD = gnu99;
				GCC_DYNAMIC_NO_PIC = NO;
				GCC_NO_COMMON_BLOCKS = YES;
				GCC_OPTIMIZATION_LEVEL = 0;
				GCC_PREPROCESSOR_DEFINITIONS = (
					"DEBUG=1",
					"$(inherited)",
				);
				GCC_WARN_64_TO_32_BIT_CONVERSION = YES;
				GCC_WARN_ABOUT_RETURN_TYPE = YES_ERROR;
				GCC_WARN_UNDECLARED_SELECTOR = YES;
				GCC_WARN_UNINITIALIZED_AUTOS = YES_AGGRESSIVE;
				GCC_WARN_UNUSED_FUNCTION = YES;
				GCC_WARN_UNUSED_VARIABLE = YES;
				IPHONEOS_DEPLOYMENT_TARGET = 9.1;
				MTL_ENABLE_DEBUG_INFO = YES;
				ONLY_ACTIVE_ARCH = YES;
				SDKROOT = iphoneos;
				TARGETED_DEVICE_FAMILY = "1,2";
			};
			name = Debug;
		};
		A495B3A61C5A4395009B233D /* Release */ = {
			isa = XCBuildConfiguration;
			buildSettings = {
				ALWAYS_SEARCH_USER_PATHS = NO;
				CLANG_CXX_LANGUAGE_STANDARD = "gnu++0x";
				CLANG_CXX_LIBRARY = "libc++";
				CLANG_ENABLE_MODULES = YES;
				CLANG_ENABLE_OBJC_ARC = YES;
				CLANG_WARN_BOOL_CONVERSION = YES;
				CLANG_WARN_CONSTANT_CONVERSION = YES;
				CLANG_WARN_DIRECT_OBJC_ISA_USAGE = YES_ERROR;
				CLANG_WARN_EMPTY_BODY = YES;
				CLANG_WARN_ENUM_CONVERSION = YES;
				CLANG_WARN_INT_CONVERSION = YES;
				CLANG_WARN_OBJC_ROOT_CLASS = YES_ERROR;
				CLANG_WARN_UNREACHABLE_CODE = YES;
				CLANG_WARN__DUPLICATE_METHOD_MATCH = YES;
				"CODE_SIGN_IDENTITY[sdk=iphoneos*]" = "iPhone Developer";
				COPY_PHASE_STRIP = NO;
				DEBUG_INFORMATION_FORMAT = "dwarf-with-dsym";
				ENABLE_NS_ASSERTIONS = NO;
				ENABLE_STRICT_OBJC_MSGSEND = YES;
				GCC_C_LANGUAGE_STANDARD = gnu99;
				GCC_NO_COMMON_BLOCKS = YES;
				GCC_WARN_64_TO_32_BIT_CONVERSION = YES;
				GCC_WARN_ABOUT_RETURN_TYPE = YES_ERROR;
				GCC_WARN_UNDECLARED_SELECTOR = YES;
				GCC_WARN_UNINITIALIZED_AUTOS = YES_AGGRESSIVE;
				GCC_WARN_UNUSED_FUNCTION = YES;
				GCC_WARN_UNUSED_VARIABLE = YES;
				IPHONEOS_DEPLOYMENT_TARGET = 9.1;
				MTL_ENABLE_DEBUG_INFO = NO;
				SDKROOT = iphoneos;
				TARGETED_DEVICE_FAMILY = "1,2";
				VALIDATE_PRODUCT = YES;
			};
			name = Release;
		};
		A495B3A81C5A4395009B233D /* Debug */ = {
			isa = XCBuildConfiguration;
			buildSettings = {
				ASSETCATALOG_COMPILER_APPICON_NAME = AppIcon;
				CODE_SIGN_IDENTITY = "iPhone Developer";
				INFOPLIST_FILE = DarwinTestApp/Info.plist;
				IPHONEOS_DEPLOYMENT_TARGET = 9.1;
				LD_RUNPATH_SEARCH_PATHS = "$(inherited) @executable_path/Frameworks";
				PRODUCT_BUNDLE_IDENTIFIER = Administrator.DarwinTestApp4;
				PRODUCT_NAME = "$(TARGET_NAME)";
			};
			name = Debug;
		};
		A495B3A91C5A4395009B233D /* Release */ = {
			isa = XCBuildConfiguration;
			buildSettings = {
				ASSETCATALOG_COMPILER_APPICON_NAME = AppIcon;
				CODE_SIGN_IDENTITY = "iPhone Developer";
				INFOPLIST_FILE = DarwinTestApp/Info.plist;
				IPHONEOS_DEPLOYMENT_TARGET = 9.1;
				LD_RUNPATH_SEARCH_PATHS = "$(inherited) @executable_path/Frameworks";
				PRODUCT_BUNDLE_IDENTIFIER = Administrator.DarwinTestApp4;
				PRODUCT_NAME = "$(TARGET_NAME)";
			};
			name = Release;
		};
/* End XCBuildConfiguration section */

/* Begin XCConfigurationList section */
		A495B38B1C5A4395009B233D /* Build configuration list for PBXProject "DarwinTestApp" */ = {
			isa = XCConfigurationList;
			buildConfigurations = (
				A495B3A51C5A4395009B233D /* Debug */,
				A495B3A61C5A4395009B233D /* Release */,
			);
			defaultConfigurationIsVisible = 0;
			defaultConfigurationName = Release;
		};
		A495B3A71C5A4395009B233D /* Build configuration list for PBXNativeTarget "DarwinTestApp" */ = {
			isa = XCConfigurationList;
			buildConfigurations = (
				A495B3A81C5A4395009B233D /* Debug */,
				A495B3A91C5A4395009B233D /* Release */,
			);
			defaultConfigurationIsVisible = 0;
			defaultConfigurationName = Release;
		};
/* End XCConfigurationList section */
	};
	rootObject = A495B3881C5A4395009B233D /* Project object */;
}
